
Microsoft Visual Studio Solution File, Format Version 12.00
# Visual Studio 15
VisualStudioVersion = 15.0.28307.329
MinimumVisualStudioVersion = 10.0.40219.1
Project("{FAE04EC0-301F-11D3-BF4B-00C04F79EFBC}") = "StreetEasyScraper", "StreetEasyScraper\StreetEasyScraper.csproj", "{15F06392-0270-42D7-BBAE-CAE074475513}"
EndProject
Global
	GlobalSection(SolutionConfigurationPlatforms) = preSolution
		Debug|Any CPU = Debug|Any CPU
		Release|Any CPU = Release|Any CPU
	EndGlobalSection
	GlobalSection(ProjectConfigurationPlatforms) = postSolution
		{15F06392-0270-42D7-BBAE-CAE074475513}.Debug|Any CPU.ActiveCfg = Debug|Any CPU
		{15F06392-0270-42D7-BBAE-CAE074475513}.Debug|Any CPU.Build.0 = Debug|Any CPU
		{15F06392-0270-42D7-BBAE-CAE074475513}.Release|Any CPU.ActiveCfg = Release|Any CPU
		{15F06392-0270-42D7-BBAE-CAE074475513}.Release|Any CPU.Build.0 = Release|Any CPU
	EndGlobalSection
	GlobalSection(SolutionProperties) = preSolution
		HideSolutionNode = FALSE
	EndGlobalSection
	GlobalSection(ExtensibilityGlobals) = postSolution
		SolutionGuid = {CEAA6E68-D81E-44F5-A733-66037ACBB83C}
	EndGlobalSection
EndGlobal
