
Microsoft Visual Studio Solution File, Format Version 12.00
# Visual Studio 15
VisualStudioVersion = 15.0.28307.329
MinimumVisualStudioVersion = 10.0.40219.1
Project("{FAE04EC0-301F-11D3-BF4B-00C04F79EFBC}") = "StreetEasyScraper", "StreetEasyScraper\StreetEasyScraper.csproj", "{9FBBD004-607E-4987-80EA-9FBBD3516285}"
EndProject
Global
	GlobalSection(SolutionConfigurationPlatforms) = preSolution
		Debug|Any CPU = Debug|Any CPU
		Release|Any CPU = Release|Any CPU
	EndGlobalSection
	GlobalSection(ProjectConfigurationPlatforms) = postSolution
		{9FBBD004-607E-4987-80EA-9FBBD3516285}.Debug|Any CPU.ActiveCfg = Debug|Any CPU
		{9FBBD004-607E-4987-80EA-9FBBD3516285}.Debug|Any CPU.Build.0 = Debug|Any CPU
		{9FBBD004-607E-4987-80EA-9FBBD3516285}.Release|Any CPU.ActiveCfg = Release|Any CPU
		{9FBBD004-607E-4987-80EA-9FBBD3516285}.Release|Any CPU.Build.0 = Release|Any CPU
	EndGlobalSection
	GlobalSection(SolutionProperties) = preSolution
		HideSolutionNode = FALSE
	EndGlobalSection
	GlobalSection(ExtensibilityGlobals) = postSolution
		SolutionGuid = {80964835-4913-4CA2-8296-B746A4CFFBF4}
	EndGlobalSection
EndGlobal
